// !$*UTF8*$!
{
	archiveVersion = 1;
	classes = {
	};
	objectVersion = 56;
	objects = {

/* Begin PBXBuildFile section */
		EA87D8062C47E5420050B69C /* AppDelegate.swift in Sources */ = {isa = PBXBuildFile; fileRef = EA87D8052C47E5420050B69C /* AppDelegate.swift */; };
		EA87D8082C47E5420050B69C /* SceneDelegate.swift in Sources */ = {isa = PBXBuildFile; fileRef = EA87D8072C47E5420050B69C /* SceneDelegate.swift */; };
		EA87D80A2C47E5420050B69C /* ViewController.swift in Sources */ = {isa = PBXBuildFile; fileRef = EA87D8092C47E5420050B69C /* ViewController.swift */; };
		EA87D80D2C47E5420050B69C /* Base in Resources */ = {isa = PBXBuildFile; fileRef = EA87D80C2C47E5420050B69C /* Base */; };
		EA87D80F2C47E5440050B69C /* Assets.xcassets in Resources */ = {isa = PBXBuildFile; fileRef = EA87D80E2C47E5440050B69C /* Assets.xcassets */; };
		EA87D8122C47E5440050B69C /* Base in Resources */ = {isa = PBXBuildFile; fileRef = EA87D8112C47E5440050B69C /* Base */; };
		EA87D8212C47EBB50050B69C /* GenerateTextController.swift in Sources */ = {isa = PBXBuildFile; fileRef = EA87D8202C47EBB50050B69C /* GenerateTextController.swift */; };
		EA87D82D2C47FEA50050B69C /* jmMainScreen710.png in Resources */ = {isa = PBXBuildFile; fileRef = EA87D82A2C47FEA40050B69C /* jmMainScreen710.png */; };
		EA87D82E2C47FEA50050B69C /* jmMainScreen710@3x.png in Resources */ = {isa = PBXBuildFile; fileRef = EA87D82B2C47FEA40050B69C /* jmMainScreen710@3x.png */; };
		EA87D82F2C47FEA50050B69C /* jmMainScreen710@2x.png in Resources */ = {isa = PBXBuildFile; fileRef = EA87D82C2C47FEA40050B69C /* jmMainScreen710@2x.png */; };
/* End PBXBuildFile section */

/* Begin PBXFileReference section */
		EA87D8022C47E5420050B69C /* eLife.app */ = {isa = PBXFileReference; explicitFileType = wrapper.application; includeInIndex = 0; path = eLife.app; sourceTree = BUILT_PRODUCTS_DIR; };
		EA87D8052C47E5420050B69C /* AppDelegate.swift */ = {isa = PBXFileReference; lastKnownFileType = sourcecode.swift; path = AppDelegate.swift; sourceTree = "<group>"; };
		EA87D8072C47E5420050B69C /* SceneDelegate.swift */ = {isa = PBXFileReference; lastKnownFileType = sourcecode.swift; path = SceneDelegate.swift; sourceTree = "<group>"; };
		EA87D8092C47E5420050B69C /* ViewController.swift */ = {isa = PBXFileReference; lastKnownFileType = sourcecode.swift; path = ViewController.swift; sourceTree = "<group>"; };
		EA87D80C2C47E5420050B69C /* Base */ = {isa = PBXFileReference; lastKnownFileType = file.storyboard; name = Base; path = Base.lproj/Main.storyboard; sourceTree = "<group>"; };
		EA87D80E2C47E5440050B69C /* Assets.xcassets */ = {isa = PBXFileReference; lastKnownFileType = folder.assetcatalog; path = Assets.xcassets; sourceTree = "<group>"; };
		EA87D8112C47E5440050B69C /* Base */ = {isa = PBXFileReference; lastKnownFileType = file.storyboard; name = Base; path = Base.lproj/LaunchScreen.storyboard; sourceTree = "<group>"; };
		EA87D8132C47E5440050B69C /* Info.plist */ = {isa = PBXFileReference; lastKnownFileType = text.plist.xml; path = Info.plist; sourceTree = "<group>"; };
		EA87D8202C47EBB50050B69C /* GenerateTextController.swift */ = {isa = PBXFileReference; lastKnownFileType = sourcecode.swift; path = GenerateTextController.swift; sourceTree = "<group>"; };
		EA87D82A2C47FEA40050B69C /* jmMainScreen710.png */ = {isa = PBXFileReference; lastKnownFileType = image.png; path = jmMainScreen710.png; sourceTree = "<group>"; };
		EA87D82B2C47FEA40050B69C /* jmMainScreen710@3x.png */ = {isa = PBXFileReference; lastKnownFileType = image.png; path = "jmMainScreen710@3x.png"; sourceTree = "<group>"; };
		EA87D82C2C47FEA40050B69C /* jmMainScreen710@2x.png */ = {isa = PBXFileReference; lastKnownFileType = image.png; path = "jmMainScreen710@2x.png"; sourceTree = "<group>"; };
/* End PBXFileReference section */

/* Begin PBXFrameworksBuildPhase section */
		EA87D7FF2C47E5420050B69C /* Frameworks */ = {
			isa = PBXFrameworksBuildPhase;
			buildActionMask = 2147483647;
			files = (
			);
			runOnlyForDeploymentPostprocessing = 0;
		};
/* End PBXFrameworksBuildPhase section */

/* Begin PBXGroup section */
		EA87D7F92C47E5420050B69C = {
			isa = PBXGroup;
			children = (
				EA87D8042C47E5420050B69C /* eLife */,
				EA87D8032C47E5420050B69C /* Products */,
			);
			sourceTree = "<group>";
		};
		EA87D8032C47E5420050B69C /* Products */ = {
			isa = PBXGroup;
			children = (
				EA87D8022C47E5420050B69C /* eLife.app */,
			);
			name = Products;
			sourceTree = "<group>";
		};
		EA87D8042C47E5420050B69C /* eLife */ = {
			isa = PBXGroup;
			children = (
				EA87D8052C47E5420050B69C /* AppDelegate.swift */,
				EA87D8072C47E5420050B69C /* SceneDelegate.swift */,
				EA87D8092C47E5420050B69C /* ViewController.swift */,
				EA87D8202C47EBB50050B69C /* GenerateTextController.swift */,
				EA87D80B2C47E5420050B69C /* Main.storyboard */,
				EA87D82A2C47FEA40050B69C /* jmMainScreen710.png */,
				EA87D82C2C47FEA40050B69C /* jmMainScreen710@2x.png */,
				EA87D82B2C47FEA40050B69C /* jmMainScreen710@3x.png */,
				EA87D80E2C47E5440050B69C /* Assets.xcassets */,
				EA87D8102C47E5440050B69C /* LaunchScreen.storyboard */,
				EA87D8132C47E5440050B69C /* Info.plist */,
				EA87D81C2C47EB4E0050B69C /* BaseViewModule */,
			);
			path = eLife;
			sourceTree = "<group>";
		};
		EA87D81C2C47EB4E0050B69C /* BaseViewModule */ = {
			isa = PBXGroup;
			children = (
				EA87D81F2C47EB8B0050B69C /* Controller */,
				EA87D81E2C47EB840050B69C /* View */,
				EA87D81D2C47EB7D0050B69C /* Model */,
			);
			path = BaseViewModule;
			sourceTree = "<group>";
		};
		EA87D81D2C47EB7D0050B69C /* Model */ = {
			isa = PBXGroup;
			children = (
			);
			path = Model;
			sourceTree = "<group>";
		};
		EA87D81E2C47EB840050B69C /* View */ = {
			isa = PBXGroup;
			children = (
			);
			path = View;
			sourceTree = "<group>";
		};
		EA87D81F2C47EB8B0050B69C /* Controller */ = {
			isa = PBXGroup;
			children = (
			);
			path = Controller;
			sourceTree = "<group>";
		};
/* End PBXGroup section */

/* Begin PBXNativeTarget section */
		EA87D8012C47E5420050B69C /* eLife */ = {
			isa = PBXNativeTarget;
			buildConfigurationList = EA87D8162C47E5440050B69C /* Build configuration list for PBXNativeTarget "eLife" */;
			buildPhases = (
				EA87D7FE2C47E5420050B69C /* Sources */,
				EA87D7FF2C47E5420050B69C /* Frameworks */,
				EA87D8002C47E5420050B69C /* Resources */,
			);
			buildRules = (
			);
			dependencies = (
			);
			name = eLife;
			productName = eLife;
			productReference = EA87D8022C47E5420050B69C /* eLife.app */;
			productType = "com.apple.product-type.application";
		};
/* End PBXNativeTarget section */

/* Begin PBXProject section */
		EA87D7FA2C47E5420050B69C /* Project object */ = {
			isa = PBXProject;
			attributes = {
				BuildIndependentTargetsInParallel = 1;
				LastSwiftUpdateCheck = 1530;
				LastUpgradeCheck = 1530;
				TargetAttributes = {
					EA87D8012C47E5420050B69C = {
						CreatedOnToolsVersion = 15.3;
					};
				};
			};
			buildConfigurationList = EA87D7FD2C47E5420050B69C /* Build configuration list for PBXProject "eLife" */;
			compatibilityVersion = "Xcode 14.0";
			developmentRegion = en;
			hasScannedForEncodings = 0;
			knownRegions = (
				en,
				Base,
			);
			mainGroup = EA87D7F92C47E5420050B69C;
			productRefGroup = EA87D8032C47E5420050B69C /* Products */;
			projectDirPath = "";
			projectRoot = "";
			targets = (
				EA87D8012C47E5420050B69C /* eLife */,
			);
		};
/* End PBXProject section */

/* Begin PBXResourcesBuildPhase section */
		EA87D8002C47E5420050B69C /* Resources */ = {
			isa = PBXResourcesBuildPhase;
			buildActionMask = 2147483647;
			files = (
				EA87D80F2C47E5440050B69C /* Assets.xcassets in Resources */,
				EA87D8122C47E5440050B69C /* Base in Resources */,
				EA87D82D2C47FEA50050B69C /* jmMainScreen710.png in Resources */,
				EA87D82E2C47FEA50050B69C /* jmMainScreen710@3x.png in Resources */,
				EA87D80D2C47E5420050B69C /* Base in Resources */,
				EA87D82F2C47FEA50050B69C /* jmMainScreen710@2x.png in Resources */,
			);
			runOnlyForDeploymentPostprocessing = 0;
		};
/* End PBXResourcesBuildPhase section */

/* Begin PBXSourcesBuildPhase section */
		EA87D7FE2C47E5420050B69C /* Sources */ = {
			isa = PBXSourcesBuildPhase;
			buildActionMask = 2147483647;
			files = (
				EA87D80A2C47E5420050B69C /* ViewController.swift in Sources */,
				EA87D8062C47E5420050B69C /* AppDelegate.swift in Sources */,
				EA87D8082C47E5420050B69C /* SceneDelegate.swift in Sources */,
				EA87D8212C47EBB50050B69C /* GenerateTextController.swift in Sources */,
			);
			runOnlyForDeploymentPostprocessing = 0;
		};
/* End PBXSourcesBuildPhase section */

/* Begin PBXVariantGroup section */
		EA87D80B2C47E5420050B69C /* Main.storyboard */ = {
			isa = PBXVariantGroup;
			children = (
				EA87D80C2C47E5420050B69C /* Base */,
			);
			name = Main.storyboard;
			sourceTree = "<group>";
		};
		EA87D8102C47E5440050B69C /* LaunchScreen.storyboard */ = {
			isa = PBXVariantGroup;
			children = (
				EA87D8112C47E5440050B69C /* Base */,
			);
			name = LaunchScreen.storyboard;
			sourceTree = "<group>";
		};
/* End PBXVariantGroup section */

/* Begin XCBuildConfiguration section */
		EA87D8142C47E5440050B69C /* Debug */ = {
			isa = XCBuildConfiguration;
			buildSettings = {
				ALWAYS_SEARCH_USER_PATHS = NO;
				ASSETCATALOG_COMPILER_GENERATE_SWIFT_ASSET_SYMBOL_EXTENSIONS = YES;
				CLANG_ANALYZER_NONNULL = YES;
				CLANG_ANALYZER_NUMBER_OBJECT_CONVERSION = YES_AGGRESSIVE;
				CLANG_CXX_LANGUAGE_STANDARD = "gnu++20";
				CLANG_ENABLE_MODULES = YES;
				CLANG_ENABLE_OBJC_ARC = YES;
				CLANG_ENABLE_OBJC_WEAK = YES;
				CLANG_WARN_BLOCK_CAPTURE_AUTORELEASING = YES;
				CLANG_WARN_BOOL_CONVERSION = YES;
				CLANG_WARN_COMMA = YES;
				CLANG_WARN_CONSTANT_CONVERSION = YES;
				CLANG_WARN_DEPRECATED_OBJC_IMPLEMENTATIONS = YES;
				CLANG_WARN_DIRECT_OBJC_ISA_USAGE = YES_ERROR;
				CLANG_WARN_DOCUMENTATION_COMMENTS = YES;
				CLANG_WARN_EMPTY_BODY = YES;
				CLANG_WARN_ENUM_CONVERSION = YES;
				CLANG_WARN_INFINITE_RECURSION = YES;
				CLANG_WARN_INT_CONVERSION = YES;
				CLANG_WARN_NON_LITERAL_NULL_CONVERSION = YES;
				CLANG_WARN_OBJC_IMPLICIT_RETAIN_SELF = YES;
				CLANG_WARN_OBJC_LITERAL_CONVERSION = YES;
				CLANG_WARN_OBJC_ROOT_CLASS = YES_ERROR;
				CLANG_WARN_QUOTED_INCLUDE_IN_FRAMEWORK_HEADER = YES;
				CLANG_WARN_RANGE_LOOP_ANALYSIS = YES;
				CLANG_WARN_STRICT_PROTOTYPES = YES;
				CLANG_WARN_SUSPICIOUS_MOVE = YES;
				CLANG_WARN_UNGUARDED_AVAILABILITY = YES_AGGRESSIVE;
				CLANG_WARN_UNREACHABLE_CODE = YES;
				CLANG_WARN__DUPLICATE_METHOD_MATCH = YES;
				COPY_PHASE_STRIP = NO;
				DEBUG_INFORMATION_FORMAT = dwarf;
				ENABLE_STRICT_OBJC_MSGSEND = YES;
				ENABLE_TESTABILITY = YES;
				ENABLE_USER_SCRIPT_SANDBOXING = YES;
				GCC_C_LANGUAGE_STANDARD = gnu17;
				GCC_DYNAMIC_NO_PIC = NO;
				GCC_NO_COMMON_BLOCKS = YES;
				GCC_OPTIMIZATION_LEVEL = 0;
				GCC_PREPROCESSOR_DEFINITIONS = (
					"DEBUG=1",
					"$(inherited)",
				);
				GCC_WARN_64_TO_32_BIT_CONVERSION = YES;
				GCC_WARN_ABOUT_RETURN_TYPE = YES_ERROR;
				GCC_WARN_UNDECLARED_SELECTOR = YES;
				GCC_WARN_UNINITIALIZED_AUTOS = YES_AGGRESSIVE;
				GCC_WARN_UNUSED_FUNCTION = YES;
				GCC_WARN_UNUSED_VARIABLE = YES;
				IPHONEOS_DEPLOYMENT_TARGET = 17.4;
				LOCALIZATION_PREFERS_STRING_CATALOGS = YES;
				MTL_ENABLE_DEBUG_INFO = INCLUDE_SOURCE;
				MTL_FAST_MATH = YES;
				ONLY_ACTIVE_ARCH = YES;
				SDKROOT = iphoneos;
				SWIFT_ACTIVE_COMPILATION_CONDITIONS = "DEBUG $(inherited)";
				SWIFT_OPTIMIZATION_LEVEL = "-Onone";
			};
			name = Debug;
		};
		EA87D8152C47E5440050B69C /* Release */ = {
			isa = XCBuildConfiguration;
			buildSettings = {
				ALWAYS_SEARCH_USER_PATHS = NO;
				ASSETCATALOG_COMPILER_GENERATE_SWIFT_ASSET_SYMBOL_EXTENSIONS = YES;
				CLANG_ANALYZER_NONNULL = YES;
				CLANG_ANALYZER_NUMBER_OBJECT_CONVERSION = YES_AGGRESSIVE;
				CLANG_CXX_LANGUAGE_STANDARD = "gnu++20";
				CLANG_ENABLE_MODULES = YES;
				CLANG_ENABLE_OBJC_ARC = YES;
				CLANG_ENABLE_OBJC_WEAK = YES;
				CLANG_WARN_BLOCK_CAPTURE_AUTORELEASING = YES;
				CLANG_WARN_BOOL_CONVERSION = YES;
				CLANG_WARN_COMMA = YES;
				CLANG_WARN_CONSTANT_CONVERSION = YES;
				CLANG_WARN_DEPRECATED_OBJC_IMPLEMENTATIONS = YES;
				CLANG_WARN_DIRECT_OBJC_ISA_USAGE = YES_ERROR;
				CLANG_WARN_DOCUMENTATION_COMMENTS = YES;
				CLANG_WARN_EMPTY_BODY = YES;
				CLANG_WARN_ENUM_CONVERSION = YES;
				CLANG_WARN_INFINITE_RECURSION = YES;
				CLANG_WARN_INT_CONVERSION = YES;
				CLANG_WARN_NON_LITERAL_NULL_CONVERSION = YES;
				CLANG_WARN_OBJC_IMPLICIT_RETAIN_SELF = YES;
				CLANG_WARN_OBJC_LITERAL_CONVERSION = YES;
				CLANG_WARN_OBJC_ROOT_CLASS = YES_ERROR;
				CLANG_WARN_QUOTED_INCLUDE_IN_FRAMEWORK_HEADER = YES;
				CLANG_WARN_RANGE_LOOP_ANALYSIS = YES;
				CLANG_WARN_STRICT_PROTOTYPES = YES;
				CLANG_WARN_SUSPICIOUS_MOVE = YES;
				CLANG_WARN_UNGUARDED_AVAILABILITY = YES_AGGRESSIVE;
				CLANG_WARN_UNREACHABLE_CODE = YES;
				CLANG_WARN__DUPLICATE_METHOD_MATCH = YES;
				COPY_PHASE_STRIP = NO;
				DEBUG_INFORMATION_FORMAT = "dwarf-with-dsym";
				ENABLE_NS_ASSERTIONS = NO;
				ENABLE_STRICT_OBJC_MSGSEND = YES;
				ENABLE_USER_SCRIPT_SANDBOXING = YES;
				GCC_C_LANGUAGE_STANDARD = gnu17;
				GCC_NO_COMMON_BLOCKS = YES;
				GCC_WARN_64_TO_32_BIT_CONVERSION = YES;
				GCC_WARN_ABOUT_RETURN_TYPE = YES_ERROR;
				GCC_WARN_UNDECLARED_SELECTOR = YES;
				GCC_WARN_UNINITIALIZED_AUTOS = YES_AGGRESSIVE;
				GCC_WARN_UNUSED_FUNCTION = YES;
				GCC_WARN_UNUSED_VARIABLE = YES;
				IPHONEOS_DEPLOYMENT_TARGET = 17.4;
				LOCALIZATION_PREFERS_STRING_CATALOGS = YES;
				MTL_ENABLE_DEBUG_INFO = NO;
				MTL_FAST_MATH = YES;
				SDKROOT = iphoneos;
				SWIFT_COMPILATION_MODE = wholemodule;
				VALIDATE_PRODUCT = YES;
			};
			name = Release;
		};
		EA87D8172C47E5440050B69C /* Debug */ = {
			isa = XCBuildConfiguration;
			buildSettings = {
				ASSETCATALOG_COMPILER_APPICON_NAME = AppIcon;
				ASSETCATALOG_COMPILER_GLOBAL_ACCENT_COLOR_NAME = AccentColor;
				CODE_SIGN_STYLE = Automatic;
				CURRENT_PROJECT_VERSION = 1;
				DEVELOPMENT_TEAM = Z93V47642B;
				GENERATE_INFOPLIST_FILE = YES;
				INFOPLIST_FILE = eLife/Info.plist;
				INFOPLIST_KEY_UIApplicationSupportsIndirectInputEvents = YES;
				INFOPLIST_KEY_UILaunchStoryboardName = LaunchScreen;
				INFOPLIST_KEY_UIMainStoryboardFile = Main;
				INFOPLIST_KEY_UISupportedInterfaceOrientations_iPad = "UIInterfaceOrientationPortrait UIInterfaceOrientationPortraitUpsideDown UIInterfaceOrientationLandscapeLeft UIInterfaceOrientationLandscapeRight";
				INFOPLIST_KEY_UISupportedInterfaceOrientations_iPhone = "UIInterfaceOrientationPortrait UIInterfaceOrientationLandscapeLeft UIInterfaceOrientationLandscapeRight";
				LD_RUNPATH_SEARCH_PATHS = (
					"$(inherited)",
					"@executable_path/Frameworks",
				);
				MARKETING_VERSION = 1.0;
				PRODUCT_BUNDLE_IDENTIFIER = w.eLife;
				PRODUCT_NAME = "$(TARGET_NAME)";
				SWIFT_EMIT_LOC_STRINGS = YES;
				SWIFT_VERSION = 5.0;
				TARGETED_DEVICE_FAMILY = "1,2";
			};
			name = Debug;
		};
		EA87D8182C47E5440050B69C /* Release */ = {
			isa = XCBuildConfiguration;
			buildSettings = {
				ASSETCATALOG_COMPILER_APPICON_NAME = AppIcon;
				ASSETCATALOG_COMPILER_GLOBAL_ACCENT_COLOR_NAME = AccentColor;
				CODE_SIGN_STYLE = Automatic;
				CURRENT_PROJECT_VERSION = 1;
				DEVELOPMENT_TEAM = Z93V47642B;
				GENERATE_INFOPLIST_FILE = YES;
				INFOPLIST_FILE = eLife/Info.plist;
				INFOPLIST_KEY_UIApplicationSupportsIndirectInputEvents = YES;
				INFOPLIST_KEY_UILaunchStoryboardName = LaunchScreen;
				INFOPLIST_KEY_UIMainStoryboardFile = Main;
				INFOPLIST_KEY_UISupportedInterfaceOrientations_iPad = "UIInterfaceOrientationPortrait UIInterfaceOrientationPortraitUpsideDown UIInterfaceOrientationLandscapeLeft UIInterfaceOrientationLandscapeRight";
				INFOPLIST_KEY_UISupportedInterfaceOrientations_iPhone = "UIInterfaceOrientationPortrait UIInterfaceOrientationLandscapeLeft UIInterfaceOrientationLandscapeRight";
				LD_RUNPATH_SEARCH_PATHS = (
					"$(inherited)",
					"@executable_path/Frameworks",
				);
				MARKETING_VERSION = 1.0;
				PRODUCT_BUNDLE_IDENTIFIER = w.eLife;
				PRODUCT_NAME = "$(TARGET_NAME)";
				SWIFT_EMIT_LOC_STRINGS = YES;
				SWIFT_VERSION = 5.0;
				TARGETED_DEVICE_FAMILY = "1,2";
			};
			name = Release;
		};
/* End XCBuildConfiguration section */

/* Begin XCConfigurationList section */
		EA87D7FD2C47E5420050B69C /* Build configuration list for PBXProject "eLife" */ = {
			isa = XCConfigurationList;
			buildConfigurations = (
				EA87D8142C47E5440050B69C /* Debug */,
				EA87D8152C47E5440050B69C /* Release */,
			);
			defaultConfigurationIsVisible = 0;
			defaultConfigurationName = Release;
		};
		EA87D8162C47E5440050B69C /* Build configuration list for PBXNativeTarget "eLife" */ = {
			isa = XCConfigurationList;
			buildConfigurations = (
				EA87D8172C47E5440050B69C /* Debug */,
				EA87D8182C47E5440050B69C /* Release */,
			);
			defaultConfigurationIsVisible = 0;
			defaultConfigurationName = Release;
		};
/* End XCConfigurationList section */
	};
	rootObject = EA87D7FA2C47E5420050B69C /* Project object */;
}
